
Microsoft Visual Studio Solution File, Format Version 12.00
# Visual Studio 15
VisualStudioVersion = 15.0.28307.1062
MinimumVisualStudioVersion = 10.0.40219.1
Project("{FAE04EC0-301F-11D3-BF4B-00C04F79EFBC}") = "MyClass", "MyClass\MyClass.csproj", "{F954A079-4CB1-4953-AE83-1E106A94FCBC}"
EndProject
Project("{FAE04EC0-301F-11D3-BF4B-00C04F79EFBC}") = "MyClassTest", "MyClassTest\MyClassTest.csproj", "{D0A98F2E-7FFF-42AA-83D6-5140D91F9528}"
EndProject
Global
	GlobalSection(SolutionConfigurationPlatforms) = preSolution
		Debug|Any CPU = Debug|Any CPU
		Release|Any CPU = Release|Any CPU
	EndGlobalSection
	GlobalSection(ProjectConfigurationPlatforms) = postSolution
		{F954A079-4CB1-4953-AE83-1E106A94FCBC}.Debug|Any CPU.ActiveCfg = Debug|Any CPU
		{F954A079-4CB1-4953-AE83-1E106A94FCBC}.Debug|Any CPU.Build.0 = Debug|Any CPU
		{F954A079-4CB1-4953-AE83-1E106A94FCBC}.Release|Any CPU.ActiveCfg = Release|Any CPU
		{F954A079-4CB1-4953-AE83-1E106A94FCBC}.Release|Any CPU.Build.0 = Release|Any CPU
		{D0A98F2E-7FFF-42AA-83D6-5140D91F9528}.Debug|Any CPU.ActiveCfg = Debug|Any CPU
		{D0A98F2E-7FFF-42AA-83D6-5140D91F9528}.Debug|Any CPU.Build.0 = Debug|Any CPU
		{D0A98F2E-7FFF-42AA-83D6-5140D91F9528}.Release|Any CPU.ActiveCfg = Release|Any CPU
		{D0A98F2E-7FFF-42AA-83D6-5140D91F9528}.Release|Any CPU.Build.0 = Release|Any CPU
	EndGlobalSection
	GlobalSection(SolutionProperties) = preSolution
		HideSolutionNode = FALSE
	EndGlobalSection
	GlobalSection(ExtensibilityGlobals) = postSolution
		SolutionGuid = {B9CE532E-B7E1-4C19-9028-4E70370851C2}
	EndGlobalSection
EndGlobal
